
Microsoft Visual Studio Solution File, Format Version 12.00
# Visual Studio Version 16
VisualStudioVersion = 16.0.30907.101
MinimumVisualStudioVersion = 10.0.40219.1
Project("{FAE04EC0-301F-11D3-BF4B-00C04F79EFBC}") = "EnginHocaDersler", "EnginHocaDersler\EnginHocaDersler.csproj", "{07DF2DE7-1C38-475D-A5D9-EAF72E52CA8A}"
EndProject
Project("{FAE04EC0-301F-11D3-BF4B-00C04F79EFBC}") = "DictionaryGeneric", "DictionaryGeneric\DictionaryGeneric.csproj", "{D0CE35E0-2D21-4226-A85F-F75B48A5738A}"
EndProject
Global
	GlobalSection(SolutionConfigurationPlatforms) = preSolution
		Debug|Any CPU = Debug|Any CPU
		Release|Any CPU = Release|Any CPU
	EndGlobalSection
	GlobalSection(ProjectConfigurationPlatforms) = postSolution
		{07DF2DE7-1C38-475D-A5D9-EAF72E52CA8A}.Debug|Any CPU.ActiveCfg = Debug|Any CPU
		{07DF2DE7-1C38-475D-A5D9-EAF72E52CA8A}.Debug|Any CPU.Build.0 = Debug|Any CPU
		{07DF2DE7-1C38-475D-A5D9-EAF72E52CA8A}.Release|Any CPU.ActiveCfg = Release|Any CPU
		{07DF2DE7-1C38-475D-A5D9-EAF72E52CA8A}.Release|Any CPU.Build.0 = Release|Any CPU
		{D0CE35E0-2D21-4226-A85F-F75B48A5738A}.Debug|Any CPU.ActiveCfg = Debug|Any CPU
		{D0CE35E0-2D21-4226-A85F-F75B48A5738A}.Debug|Any CPU.Build.0 = Debug|Any CPU
		{D0CE35E0-2D21-4226-A85F-F75B48A5738A}.Release|Any CPU.ActiveCfg = Release|Any CPU
		{D0CE35E0-2D21-4226-A85F-F75B48A5738A}.Release|Any CPU.Build.0 = Release|Any CPU
	EndGlobalSection
	GlobalSection(SolutionProperties) = preSolution
		HideSolutionNode = FALSE
	EndGlobalSection
	GlobalSection(ExtensibilityGlobals) = postSolution
		SolutionGuid = {D213C29C-9DD6-489A-AB9B-97D2B4A77CBA}
	EndGlobalSection
EndGlobal
